# THIS IS AN AUTOGENERATED FILE. DO NOT EDIT THIS FILE DIRECTLY.
# yarn lockfile v1


"@types/eventemitter3@^2.0.2":
  version "2.0.2"
  resolved "http://npm.goweike.cn/@types%2feventemitter3/-/eventemitter3-2.0.2.tgz#94b57c2568c4f09479d64812f625317b12a6edd0"
  integrity sha1-lLV8JWjE8JR51kgS9iUxexKm7dA=
  dependencies:
    eventemitter3 "*"

eventemitter3@*, eventemitter3@^4.0.0:
  version "4.0.0"
  resolved "http://npm.goweike.cn/eventemitter3/-/eventemitter3-4.0.0.tgz#d65176163887ee59f386d64c82610b696a4a74eb"
  integrity sha1-1lF2FjiH7lnzhtZMgmELaWpKdOs=
